// !$*UTF8*$!
{
	archiveVersion = 1;
	classes = {
	};
	objectVersion = 56;
	objects = {

/* Begin PBXBuildFile section */
		040449A62B6EB65B009F5D0A /* EditPersonView.swift in Sources */ = {isa = PBXBuildFile; fileRef = 040449A52B6EB65B009F5D0A /* EditPersonView.swift */; };
		040449A82B6EC0ED009F5D0A /* PeopleView.swift in Sources */ = {isa = PBXBuildFile; fileRef = 040449A72B6EC0ED009F5D0A /* PeopleView.swift */; };
		040449AA2B6F5C93009F5D0A /* Event.swift in Sources */ = {isa = PBXBuildFile; fileRef = 040449A92B6F5C93009F5D0A /* Event.swift */; };
		040449AC2B6F5E88009F5D0A /* EditEventView.swift in Sources */ = {isa = PBXBuildFile; fileRef = 040449AB2B6F5E88009F5D0A /* EditEventView.swift */; };
		040449AE2B6F8702009F5D0A /* Previewer.swift in Sources */ = {isa = PBXBuildFile; fileRef = 040449AD2B6F8702009F5D0A /* Previewer.swift */; };
		047E94EB2B4A817300FD6309 /* FaceFactApp.swift in Sources */ = {isa = PBXBuildFile; fileRef = 047E94EA2B4A817300FD6309 /* FaceFactApp.swift */; };
		047E94ED2B4A817300FD6309 /* ContentView.swift in Sources */ = {isa = PBXBuildFile; fileRef = 047E94EC2B4A817300FD6309 /* ContentView.swift */; };
		047E94EF2B4A817400FD6309 /* Assets.xcassets in Resources */ = {isa = PBXBuildFile; fileRef = 047E94EE2B4A817400FD6309 /* Assets.xcassets */; };
		047E94F22B4A817400FD6309 /* Preview Assets.xcassets in Resources */ = {isa = PBXBuildFile; fileRef = 047E94F12B4A817400FD6309 /* Preview Assets.xcassets */; };
		047E94F92B4A823300FD6309 /* Person.swift in Sources */ = {isa = PBXBuildFile; fileRef = 047E94F82B4A823300FD6309 /* Person.swift */; };
/* End PBXBuildFile section */

/* Begin PBXFileReference section */
		040449A52B6EB65B009F5D0A /* EditPersonView.swift */ = {isa = PBXFileReference; lastKnownFileType = sourcecode.swift; path = EditPersonView.swift; sourceTree = "<group>"; };
		040449A72B6EC0ED009F5D0A /* PeopleView.swift */ = {isa = PBXFileReference; lastKnownFileType = sourcecode.swift; path = PeopleView.swift; sourceTree = "<group>"; };
		040449A92B6F5C93009F5D0A /* Event.swift */ = {isa = PBXFileReference; lastKnownFileType = sourcecode.swift; path = Event.swift; sourceTree = "<group>"; };
		040449AB2B6F5E88009F5D0A /* EditEventView.swift */ = {isa = PBXFileReference; lastKnownFileType = sourcecode.swift; path = EditEventView.swift; sourceTree = "<group>"; };
		040449AD2B6F8702009F5D0A /* Previewer.swift */ = {isa = PBXFileReference; lastKnownFileType = sourcecode.swift; path = Previewer.swift; sourceTree = "<group>"; };
		047E94E72B4A817300FD6309 /* FaceFact.app */ = {isa = PBXFileReference; explicitFileType = wrapper.application; includeInIndex = 0; path = FaceFact.app; sourceTree = BUILT_PRODUCTS_DIR; };
		047E94EA2B4A817300FD6309 /* FaceFactApp.swift */ = {isa = PBXFileReference; lastKnownFileType = sourcecode.swift; path = FaceFactApp.swift; sourceTree = "<group>"; };
		047E94EC2B4A817300FD6309 /* ContentView.swift */ = {isa = PBXFileReference; lastKnownFileType = sourcecode.swift; path = ContentView.swift; sourceTree = "<group>"; };
		047E94EE2B4A817400FD6309 /* Assets.xcassets */ = {isa = PBXFileReference; lastKnownFileType = folder.assetcatalog; path = Assets.xcassets; sourceTree = "<group>"; };
		047E94F12B4A817400FD6309 /* Preview Assets.xcassets */ = {isa = PBXFileReference; lastKnownFileType = folder.assetcatalog; path = "Preview Assets.xcassets"; sourceTree = "<group>"; };
		047E94F82B4A823300FD6309 /* Person.swift */ = {isa = PBXFileReference; lastKnownFileType = sourcecode.swift; path = Person.swift; sourceTree = "<group>"; };
/* End PBXFileReference section */

/* Begin PBXFrameworksBuildPhase section */
		047E94E42B4A817300FD6309 /* Frameworks */ = {
			isa = PBXFrameworksBuildPhase;
			buildActionMask = 2147483647;
			files = (
			);
			runOnlyForDeploymentPostprocessing = 0;
		};
/* End PBXFrameworksBuildPhase section */

/* Begin PBXGroup section */
		047E94DE2B4A817300FD6309 = {
			isa = PBXGroup;
			children = (
				047E94E92B4A817300FD6309 /* FaceFact */,
				047E94E82B4A817300FD6309 /* Products */,
			);
			sourceTree = "<group>";
		};
		047E94E82B4A817300FD6309 /* Products */ = {
			isa = PBXGroup;
			children = (
				047E94E72B4A817300FD6309 /* FaceFact.app */,
			);
			name = Products;
			sourceTree = "<group>";
		};
		047E94E92B4A817300FD6309 /* FaceFact */ = {
			isa = PBXGroup;
			children = (
				047E94EA2B4A817300FD6309 /* FaceFactApp.swift */,
				047E94F82B4A823300FD6309 /* Person.swift */,
				040449AB2B6F5E88009F5D0A /* EditEventView.swift */,
				047E94EC2B4A817300FD6309 /* ContentView.swift */,
				040449A52B6EB65B009F5D0A /* EditPersonView.swift */,
				040449AD2B6F8702009F5D0A /* Previewer.swift */,
				040449A72B6EC0ED009F5D0A /* PeopleView.swift */,
				040449A92B6F5C93009F5D0A /* Event.swift */,
				047E94EE2B4A817400FD6309 /* Assets.xcassets */,
				047E94F02B4A817400FD6309 /* Preview Content */,
			);
			path = FaceFact;
			sourceTree = "<group>";
		};
		047E94F02B4A817400FD6309 /* Preview Content */ = {
			isa = PBXGroup;
			children = (
				047E94F12B4A817400FD6309 /* Preview Assets.xcassets */,
			);
			path = "Preview Content";
			sourceTree = "<group>";
		};
/* End PBXGroup section */

/* Begin PBXNativeTarget section */
		047E94E62B4A817300FD6309 /* FaceFact */ = {
			isa = PBXNativeTarget;
			buildConfigurationList = 047E94F52B4A817400FD6309 /* Build configuration list for PBXNativeTarget "FaceFact" */;
			buildPhases = (
				047E94E32B4A817300FD6309 /* Sources */,
				047E94E42B4A817300FD6309 /* Frameworks */,
				047E94E52B4A817300FD6309 /* Resources */,
			);
			buildRules = (
			);
			dependencies = (
			);
			name = FaceFact;
			productName = FaceFact;
			productReference = 047E94E72B4A817300FD6309 /* FaceFact.app */;
			productType = "com.apple.product-type.application";
		};
/* End PBXNativeTarget section */

/* Begin PBXProject section */
		047E94DF2B4A817300FD6309 /* Project object */ = {
			isa = PBXProject;
			attributes = {
				BuildIndependentTargetsInParallel = 1;
				LastSwiftUpdateCheck = 1510;
				LastUpgradeCheck = 1510;
				TargetAttributes = {
					047E94E62B4A817300FD6309 = {
						CreatedOnToolsVersion = 15.1;
					};
				};
			};
			buildConfigurationList = 047E94E22B4A817300FD6309 /* Build configuration list for PBXProject "FaceFact" */;
			compatibilityVersion = "Xcode 14.0";
			developmentRegion = en;
			hasScannedForEncodings = 0;
			knownRegions = (
				en,
				Base,
			);
			mainGroup = 047E94DE2B4A817300FD6309;
			productRefGroup = 047E94E82B4A817300FD6309 /* Products */;
			projectDirPath = "";
			projectRoot = "";
			targets = (
				047E94E62B4A817300FD6309 /* FaceFact */,
			);
		};
/* End PBXProject section */

/* Begin PBXResourcesBuildPhase section */
		047E94E52B4A817300FD6309 /* Resources */ = {
			isa = PBXResourcesBuildPhase;
			buildActionMask = 2147483647;
			files = (
				047E94F22B4A817400FD6309 /* Preview Assets.xcassets in Resources */,
				047E94EF2B4A817400FD6309 /* Assets.xcassets in Resources */,
			);
			runOnlyForDeploymentPostprocessing = 0;
		};
/* End PBXResourcesBuildPhase section */

/* Begin PBXSourcesBuildPhase section */
		047E94E32B4A817300FD6309 /* Sources */ = {
			isa = PBXSourcesBuildPhase;
			buildActionMask = 2147483647;
			files = (
				047E94F92B4A823300FD6309 /* Person.swift in Sources */,
				040449A82B6EC0ED009F5D0A /* PeopleView.swift in Sources */,
				047E94ED2B4A817300FD6309 /* ContentView.swift in Sources */,
				040449AE2B6F8702009F5D0A /* Previewer.swift in Sources */,
				047E94EB2B4A817300FD6309 /* FaceFactApp.swift in Sources */,
				040449AA2B6F5C93009F5D0A /* Event.swift in Sources */,
				040449A62B6EB65B009F5D0A /* EditPersonView.swift in Sources */,
				040449AC2B6F5E88009F5D0A /* EditEventView.swift in Sources */,
			);
			runOnlyForDeploymentPostprocessing = 0;
		};
/* End PBXSourcesBuildPhase section */

/* Begin XCBuildConfiguration section */
		047E94F32B4A817400FD6309 /* Debug */ = {
			isa = XCBuildConfiguration;
			buildSettings = {
				ALWAYS_SEARCH_USER_PATHS = NO;
				ASSETCATALOG_COMPILER_GENERATE_SWIFT_ASSET_SYMBOL_EXTENSIONS = YES;
				CLANG_ANALYZER_NONNULL = YES;
				CLANG_ANALYZER_NUMBER_OBJECT_CONVERSION = YES_AGGRESSIVE;
				CLANG_CXX_LANGUAGE_STANDARD = "gnu++20";
				CLANG_ENABLE_MODULES = YES;
				CLANG_ENABLE_OBJC_ARC = YES;
				CLANG_ENABLE_OBJC_WEAK = YES;
				CLANG_WARN_BLOCK_CAPTURE_AUTORELEASING = YES;
				CLANG_WARN_BOOL_CONVERSION = YES;
				CLANG_WARN_COMMA = YES;
				CLANG_WARN_CONSTANT_CONVERSION = YES;
				CLANG_WARN_DEPRECATED_OBJC_IMPLEMENTATIONS = YES;
				CLANG_WARN_DIRECT_OBJC_ISA_USAGE = YES_ERROR;
				CLANG_WARN_DOCUMENTATION_COMMENTS = YES;
				CLANG_WARN_EMPTY_BODY = YES;
				CLANG_WARN_ENUM_CONVERSION = YES;
				CLANG_WARN_INFINITE_RECURSION = YES;
				CLANG_WARN_INT_CONVERSION = YES;
				CLANG_WARN_NON_LITERAL_NULL_CONVERSION = YES;
				CLANG_WARN_OBJC_IMPLICIT_RETAIN_SELF = YES;
				CLANG_WARN_OBJC_LITERAL_CONVERSION = YES;
				CLANG_WARN_OBJC_ROOT_CLASS = YES_ERROR;
				CLANG_WARN_QUOTED_INCLUDE_IN_FRAMEWORK_HEADER = YES;
				CLANG_WARN_RANGE_LOOP_ANALYSIS = YES;
				CLANG_WARN_STRICT_PROTOTYPES = YES;
				CLANG_WARN_SUSPICIOUS_MOVE = YES;
				CLANG_WARN_UNGUARDED_AVAILABILITY = YES_AGGRESSIVE;
				CLANG_WARN_UNREACHABLE_CODE = YES;
				CLANG_WARN__DUPLICATE_METHOD_MATCH = YES;
				COPY_PHASE_STRIP = NO;
				DEBUG_INFORMATION_FORMAT = dwarf;
				ENABLE_STRICT_OBJC_MSGSEND = YES;
				ENABLE_TESTABILITY = YES;
				ENABLE_USER_SCRIPT_SANDBOXING = YES;
				GCC_C_LANGUAGE_STANDARD = gnu17;
				GCC_DYNAMIC_NO_PIC = NO;
				GCC_NO_COMMON_BLOCKS = YES;
				GCC_OPTIMIZATION_LEVEL = 0;
				GCC_PREPROCESSOR_DEFINITIONS = (
					"DEBUG=1",
					"$(inherited)",
				);
				GCC_WARN_64_TO_32_BIT_CONVERSION = YES;
				GCC_WARN_ABOUT_RETURN_TYPE = YES_ERROR;
				GCC_WARN_UNDECLARED_SELECTOR = YES;
				GCC_WARN_UNINITIALIZED_AUTOS = YES_AGGRESSIVE;
				GCC_WARN_UNUSED_FUNCTION = YES;
				GCC_WARN_UNUSED_VARIABLE = YES;
				IPHONEOS_DEPLOYMENT_TARGET = 17.2;
				LOCALIZATION_PREFERS_STRING_CATALOGS = YES;
				MTL_ENABLE_DEBUG_INFO = INCLUDE_SOURCE;
				MTL_FAST_MATH = YES;
				ONLY_ACTIVE_ARCH = YES;
				SDKROOT = iphoneos;
				SWIFT_ACTIVE_COMPILATION_CONDITIONS = "DEBUG $(inherited)";
				SWIFT_OPTIMIZATION_LEVEL = "-Onone";
			};
			name = Debug;
		};
		047E94F42B4A817400FD6309 /* Release */ = {
			isa = XCBuildConfiguration;
			buildSettings = {
				ALWAYS_SEARCH_USER_PATHS = NO;
				ASSETCATALOG_COMPILER_GENERATE_SWIFT_ASSET_SYMBOL_EXTENSIONS = YES;
				CLANG_ANALYZER_NONNULL = YES;
				CLANG_ANALYZER_NUMBER_OBJECT_CONVERSION = YES_AGGRESSIVE;
				CLANG_CXX_LANGUAGE_STANDARD = "gnu++20";
				CLANG_ENABLE_MODULES = YES;
				CLANG_ENABLE_OBJC_ARC = YES;
				CLANG_ENABLE_OBJC_WEAK = YES;
				CLANG_WARN_BLOCK_CAPTURE_AUTORELEASING = YES;
				CLANG_WARN_BOOL_CONVERSION = YES;
				CLANG_WARN_COMMA = YES;
				CLANG_WARN_CONSTANT_CONVERSION = YES;
				CLANG_WARN_DEPRECATED_OBJC_IMPLEMENTATIONS = YES;
				CLANG_WARN_DIRECT_OBJC_ISA_USAGE = YES_ERROR;
				CLANG_WARN_DOCUMENTATION_COMMENTS = YES;
				CLANG_WARN_EMPTY_BODY = YES;
				CLANG_WARN_ENUM_CONVERSION = YES;
				CLANG_WARN_INFINITE_RECURSION = YES;
				CLANG_WARN_INT_CONVERSION = YES;
				CLANG_WARN_NON_LITERAL_NULL_CONVERSION = YES;
				CLANG_WARN_OBJC_IMPLICIT_RETAIN_SELF = YES;
				CLANG_WARN_OBJC_LITERAL_CONVERSION = YES;
				CLANG_WARN_OBJC_ROOT_CLASS = YES_ERROR;
				CLANG_WARN_QUOTED_INCLUDE_IN_FRAMEWORK_HEADER = YES;
				CLANG_WARN_RANGE_LOOP_ANALYSIS = YES;
				CLANG_WARN_STRICT_PROTOTYPES = YES;
				CLANG_WARN_SUSPICIOUS_MOVE = YES;
				CLANG_WARN_UNGUARDED_AVAILABILITY = YES_AGGRESSIVE;
				CLANG_WARN_UNREACHABLE_CODE = YES;
				CLANG_WARN__DUPLICATE_METHOD_MATCH = YES;
				COPY_PHASE_STRIP = NO;
				DEBUG_INFORMATION_FORMAT = "dwarf-with-dsym";
				ENABLE_NS_ASSERTIONS = NO;
				ENABLE_STRICT_OBJC_MSGSEND = YES;
				ENABLE_USER_SCRIPT_SANDBOXING = YES;
				GCC_C_LANGUAGE_STANDARD = gnu17;
				GCC_NO_COMMON_BLOCKS = YES;
				GCC_WARN_64_TO_32_BIT_CONVERSION = YES;
				GCC_WARN_ABOUT_RETURN_TYPE = YES_ERROR;
				GCC_WARN_UNDECLARED_SELECTOR = YES;
				GCC_WARN_UNINITIALIZED_AUTOS = YES_AGGRESSIVE;
				GCC_WARN_UNUSED_FUNCTION = YES;
				GCC_WARN_UNUSED_VARIABLE = YES;
				IPHONEOS_DEPLOYMENT_TARGET = 17.2;
				LOCALIZATION_PREFERS_STRING_CATALOGS = YES;
				MTL_ENABLE_DEBUG_INFO = NO;
				MTL_FAST_MATH = YES;
				SDKROOT = iphoneos;
				SWIFT_COMPILATION_MODE = wholemodule;
				VALIDATE_PRODUCT = YES;
			};
			name = Release;
		};
		047E94F62B4A817400FD6309 /* Debug */ = {
			isa = XCBuildConfiguration;
			buildSettings = {
				ASSETCATALOG_COMPILER_APPICON_NAME = AppIcon;
				ASSETCATALOG_COMPILER_GLOBAL_ACCENT_COLOR_NAME = AccentColor;
				CODE_SIGN_STYLE = Automatic;
				CURRENT_PROJECT_VERSION = 1;
				DEVELOPMENT_ASSET_PATHS = "\"FaceFact/Preview Content\"";
				DEVELOPMENT_TEAM = ZXFBU77VFA;
				ENABLE_PREVIEWS = YES;
				GENERATE_INFOPLIST_FILE = YES;
				INFOPLIST_KEY_UIApplicationSceneManifest_Generation = YES;
				INFOPLIST_KEY_UIApplicationSupportsIndirectInputEvents = YES;
				INFOPLIST_KEY_UILaunchScreen_Generation = YES;
				INFOPLIST_KEY_UISupportedInterfaceOrientations_iPad = "UIInterfaceOrientationPortrait UIInterfaceOrientationPortraitUpsideDown UIInterfaceOrientationLandscapeLeft UIInterfaceOrientationLandscapeRight";
				INFOPLIST_KEY_UISupportedInterfaceOrientations_iPhone = "UIInterfaceOrientationPortrait UIInterfaceOrientationLandscapeLeft UIInterfaceOrientationLandscapeRight";
				LD_RUNPATH_SEARCH_PATHS = (
					"$(inherited)",
					"@executable_path/Frameworks",
				);
				MARKETING_VERSION = 1.0;
				PRODUCT_BUNDLE_IDENTIFIER = me.muktharamiyan.FaceFact;
				PRODUCT_NAME = "$(TARGET_NAME)";
				SWIFT_EMIT_LOC_STRINGS = YES;
				SWIFT_VERSION = 5.0;
				TARGETED_DEVICE_FAMILY = "1,2";
			};
			name = Debug;
		};
		047E94F72B4A817400FD6309 /* Release */ = {
			isa = XCBuildConfiguration;
			buildSettings = {
				ASSETCATALOG_COMPILER_APPICON_NAME = AppIcon;
				ASSETCATALOG_COMPILER_GLOBAL_ACCENT_COLOR_NAME = AccentColor;
				CODE_SIGN_STYLE = Automatic;
				CURRENT_PROJECT_VERSION = 1;
				DEVELOPMENT_ASSET_PATHS = "\"FaceFact/Preview Content\"";
				DEVELOPMENT_TEAM = ZXFBU77VFA;
				ENABLE_PREVIEWS = YES;
				GENERATE_INFOPLIST_FILE = YES;
				INFOPLIST_KEY_UIApplicationSceneManifest_Generation = YES;
				INFOPLIST_KEY_UIApplicationSupportsIndirectInputEvents = YES;
				INFOPLIST_KEY_UILaunchScreen_Generation = YES;
				INFOPLIST_KEY_UISupportedInterfaceOrientations_iPad = "UIInterfaceOrientationPortrait UIInterfaceOrientationPortraitUpsideDown UIInterfaceOrientationLandscapeLeft UIInterfaceOrientationLandscapeRight";
				INFOPLIST_KEY_UISupportedInterfaceOrientations_iPhone = "UIInterfaceOrientationPortrait UIInterfaceOrientationLandscapeLeft UIInterfaceOrientationLandscapeRight";
				LD_RUNPATH_SEARCH_PATHS = (
					"$(inherited)",
					"@executable_path/Frameworks",
				);
				MARKETING_VERSION = 1.0;
				PRODUCT_BUNDLE_IDENTIFIER = me.muktharamiyan.FaceFact;
				PRODUCT_NAME = "$(TARGET_NAME)";
				SWIFT_EMIT_LOC_STRINGS = YES;
				SWIFT_VERSION = 5.0;
				TARGETED_DEVICE_FAMILY = "1,2";
			};
			name = Release;
		};
/* End XCBuildConfiguration section */

/* Begin XCConfigurationList section */
		047E94E22B4A817300FD6309 /* Build configuration list for PBXProject "FaceFact" */ = {
			isa = XCConfigurationList;
			buildConfigurations = (
				047E94F32B4A817400FD6309 /* Debug */,
				047E94F42B4A817400FD6309 /* Release */,
			);
			defaultConfigurationIsVisible = 0;
			defaultConfigurationName = Release;
		};
		047E94F52B4A817400FD6309 /* Build configuration list for PBXNativeTarget "FaceFact" */ = {
			isa = XCConfigurationList;
			buildConfigurations = (
				047E94F62B4A817400FD6309 /* Debug */,
				047E94F72B4A817400FD6309 /* Release */,
			);
			defaultConfigurationIsVisible = 0;
			defaultConfigurationName = Release;
		};
/* End XCConfigurationList section */
	};
	rootObject = 047E94DF2B4A817300FD6309 /* Project object */;
}
